
Microsoft Visual Studio Solution File, Format Version 12.00
# Visual Studio 15
VisualStudioVersion = 15.0.27428.2015
MinimumVisualStudioVersion = 10.0.40219.1
Project("{FAE04EC0-301F-11D3-BF4B-00C04F79EFBC}") = "QuoteAppNew.Android", "QuoteAppNew\QuoteAppNew.Android\QuoteAppNew.Android.csproj", "{B3BB2E1E-EF77-4ECA-9D61-BDB0093FA481}"
EndProject
Project("{FAE04EC0-301F-11D3-BF4B-00C04F79EFBC}") = "QuoteAppNew.iOS", "QuoteAppNew\QuoteAppNew.iOS\QuoteAppNew.iOS.csproj", "{FDE4C650-5C91-4A95-971C-EF166F508E68}"
EndProject
Project("{FAE04EC0-301F-11D3-BF4B-00C04F79EFBC}") = "QuoteAppNew.UWP", "QuoteAppNew\QuoteAppNew.UWP\QuoteAppNew.UWP.csproj", "{B7F697DA-D1BD-42CE-9F85-50BB5256A4D0}"
EndProject
Project("{D954291E-2A0B-460D-934E-DC6B0785DB48}") = "QuoteAppNew", "QuoteAppNew\QuoteAppNew\QuoteAppNew.shproj", "{A788BDC2-C804-4369-8EBE-5E3CCA122E90}"
EndProject
Global
	GlobalSection(SharedMSBuildProjectFiles) = preSolution
		QuoteAppNew\QuoteAppNew\QuoteAppNew.projitems*{a788bdc2-c804-4369-8ebe-5e3cca122e90}*SharedItemsImports = 13
		QuoteAppNew\QuoteAppNew\QuoteAppNew.projitems*{b3bb2e1e-ef77-4eca-9d61-bdb0093fa481}*SharedItemsImports = 4
		QuoteAppNew\QuoteAppNew\QuoteAppNew.projitems*{b7f697da-d1bd-42ce-9f85-50bb5256a4d0}*SharedItemsImports = 4
		QuoteAppNew\QuoteAppNew\QuoteAppNew.projitems*{fde4c650-5c91-4a95-971c-ef166f508e68}*SharedItemsImports = 4
	EndGlobalSection
	GlobalSection(SolutionConfigurationPlatforms) = preSolution
		Ad-Hoc|Any CPU = Ad-Hoc|Any CPU
		Ad-Hoc|ARM = Ad-Hoc|ARM
		Ad-Hoc|iPhone = Ad-Hoc|iPhone
		Ad-Hoc|iPhoneSimulator = Ad-Hoc|iPhoneSimulator
		Ad-Hoc|x64 = Ad-Hoc|x64
		Ad-Hoc|x86 = Ad-Hoc|x86
		AppStore|Any CPU = AppStore|Any CPU
		AppStore|ARM = AppStore|ARM
		AppStore|iPhone = AppStore|iPhone
		AppStore|iPhoneSimulator = AppStore|iPhoneSimulator
		AppStore|x64 = AppStore|x64
		AppStore|x86 = AppStore|x86
		Debug|Any CPU = Debug|Any CPU
		Debug|ARM = Debug|ARM
		Debug|iPhone = Debug|iPhone
		Debug|iPhoneSimulator = Debug|iPhoneSimulator
		Debug|x64 = Debug|x64
		Debug|x86 = Debug|x86
		Release|Any CPU = Release|Any CPU
		Release|ARM = Release|ARM
		Release|iPhone = Release|iPhone
		Release|iPhoneSimulator = Release|iPhoneSimulator
		Release|x64 = Release|x64
		Release|x86 = Release|x86
	EndGlobalSection
	GlobalSection(ProjectConfigurationPlatforms) = postSolution
		{B3BB2E1E-EF77-4ECA-9D61-BDB0093FA481}.Ad-Hoc|Any CPU.ActiveCfg = Release|Any CPU
		{B3BB2E1E-EF77-4ECA-9D61-BDB0093FA481}.Ad-Hoc|Any CPU.Build.0 = Release|Any CPU
		{B3BB2E1E-EF77-4ECA-9D61-BDB0093FA481}.Ad-Hoc|Any CPU.Deploy.0 = Release|Any CPU
		{B3BB2E1E-EF77-4ECA-9D61-BDB0093FA481}.Ad-Hoc|ARM.ActiveCfg = Release|Any CPU
		{B3BB2E1E-EF77-4ECA-9D61-BDB0093FA481}.Ad-Hoc|ARM.Build.0 = Release|Any CPU
		{B3BB2E1E-EF77-4ECA-9D61-BDB0093FA481}.Ad-Hoc|ARM.Deploy.0 = Release|Any CPU
		{B3BB2E1E-EF77-4ECA-9D61-BDB0093FA481}.Ad-Hoc|iPhone.ActiveCfg = Release|Any CPU
		{B3BB2E1E-EF77-4ECA-9D61-BDB0093FA481}.Ad-Hoc|iPhone.Build.0 = Release|Any CPU
		{B3BB2E1E-EF77-4ECA-9D61-BDB0093FA481}.Ad-Hoc|iPhone.Deploy.0 = Release|Any CPU
		{B3BB2E1E-EF77-4ECA-9D61-BDB0093FA481}.Ad-Hoc|iPhoneSimulator.ActiveCfg = Release|Any CPU
		{B3BB2E1E-EF77-4ECA-9D61-BDB0093FA481}.Ad-Hoc|iPhoneSimulator.Build.0 = Release|Any CPU
		{B3BB2E1E-EF77-4ECA-9D61-BDB0093FA481}.Ad-Hoc|iPhoneSimulator.Deploy.0 = Release|Any CPU
		{B3BB2E1E-EF77-4ECA-9D61-BDB0093FA481}.Ad-Hoc|x64.ActiveCfg = Release|Any CPU
		{B3BB2E1E-EF77-4ECA-9D61-BDB0093FA481}.Ad-Hoc|x64.Build.0 = Release|Any CPU
		{B3BB2E1E-EF77-4ECA-9D61-BDB0093FA481}.Ad-Hoc|x64.Deploy.0 = Release|Any CPU
		{B3BB2E1E-EF77-4ECA-9D61-BDB0093FA481}.Ad-Hoc|x86.ActiveCfg = Release|Any CPU
		{B3BB2E1E-EF77-4ECA-9D61-BDB0093FA481}.Ad-Hoc|x86.Build.0 = Release|Any CPU
		{B3BB2E1E-EF77-4ECA-9D61-BDB0093FA481}.Ad-Hoc|x86.Deploy.0 = Release|Any CPU
		{B3BB2E1E-EF77-4ECA-9D61-BDB0093FA481}.AppStore|Any CPU.ActiveCfg = Release|Any CPU
		{B3BB2E1E-EF77-4ECA-9D61-BDB0093FA481}.AppStore|Any CPU.Build.0 = Release|Any CPU
		{B3BB2E1E-EF77-4ECA-9D61-BDB0093FA481}.AppStore|Any CPU.Deploy.0 = Release|Any CPU
		{B3BB2E1E-EF77-4ECA-9D61-BDB0093FA481}.AppStore|ARM.ActiveCfg = Release|Any CPU
		{B3BB2E1E-EF77-4ECA-9D61-BDB0093FA481}.AppStore|ARM.Build.0 = Release|Any CPU
		{B3BB2E1E-EF77-4ECA-9D61-BDB0093FA481}.AppStore|ARM.Deploy.0 = Release|Any CPU
		{B3BB2E1E-EF77-4ECA-9D61-BDB0093FA481}.AppStore|iPhone.ActiveCfg = Release|Any CPU
		{B3BB2E1E-EF77-4ECA-9D61-BDB0093FA481}.AppStore|iPhone.Build.0 = Release|Any CPU
		{B3BB2E1E-EF77-4ECA-9D61-BDB0093FA481}.AppStore|iPhone.Deploy.0 = Release|Any CPU
		{B3BB2E1E-EF77-4ECA-9D61-BDB0093FA481}.AppStore|iPhoneSimulator.ActiveCfg = Release|Any CPU
		{B3BB2E1E-EF77-4ECA-9D61-BDB0093FA481}.AppStore|iPhoneSimulator.Build.0 = Release|Any CPU
		{B3BB2E1E-EF77-4ECA-9D61-BDB0093FA481}.AppStore|iPhoneSimulator.Deploy.0 = Release|Any CPU
		{B3BB2E1E-EF77-4ECA-9D61-BDB0093FA481}.AppStore|x64.ActiveCfg = Release|Any CPU
		{B3BB2E1E-EF77-4ECA-9D61-BDB0093FA481}.AppStore|x64.Build.0 = Release|Any CPU
		{B3BB2E1E-EF77-4ECA-9D61-BDB0093FA481}.AppStore|x64.Deploy.0 = Release|Any CPU
		{B3BB2E1E-EF77-4ECA-9D61-BDB0093FA481}.AppStore|x86.ActiveCfg = Release|Any CPU
		{B3BB2E1E-EF77-4ECA-9D61-BDB0093FA481}.AppStore|x86.Build.0 = Release|Any CPU
		{B3BB2E1E-EF77-4ECA-9D61-BDB0093FA481}.AppStore|x86.Deploy.0 = Release|Any CPU
		{B3BB2E1E-EF77-4ECA-9D61-BDB0093FA481}.Debug|Any CPU.ActiveCfg = Debug|Any CPU
		{B3BB2E1E-EF77-4ECA-9D61-BDB0093FA481}.Debug|Any CPU.Build.0 = Debug|Any CPU
		{B3BB2E1E-EF77-4ECA-9D61-BDB0093FA481}.Debug|Any CPU.Deploy.0 = Debug|Any CPU
		{B3BB2E1E-EF77-4ECA-9D61-BDB0093FA481}.Debug|ARM.ActiveCfg = Debug|Any CPU
		{B3BB2E1E-EF77-4ECA-9D61-BDB0093FA481}.Debug|ARM.Build.0 = Debug|Any CPU
		{B3BB2E1E-EF77-4ECA-9D61-BDB0093FA481}.Debug|ARM.Deploy.0 = Debug|Any CPU
		{B3BB2E1E-EF77-4ECA-9D61-BDB0093FA481}.Debug|iPhone.ActiveCfg = Debug|Any CPU
		{B3BB2E1E-EF77-4ECA-9D61-BDB0093FA481}.Debug|iPhone.Build.0 = Debug|Any CPU
		{B3BB2E1E-EF77-4ECA-9D61-BDB0093FA481}.Debug|iPhone.Deploy.0 = Debug|Any CPU
		{B3BB2E1E-EF77-4ECA-9D61-BDB0093FA481}.Debug|iPhoneSimulator.ActiveCfg = Debug|Any CPU
		{B3BB2E1E-EF77-4ECA-9D61-BDB0093FA481}.Debug|iPhoneSimulator.Build.0 = Debug|Any CPU
		{B3BB2E1E-EF77-4ECA-9D61-BDB0093FA481}.Debug|iPhoneSimulator.Deploy.0 = Debug|Any CPU
		{B3BB2E1E-EF77-4ECA-9D61-BDB0093FA481}.Debug|x64.ActiveCfg = Debug|Any CPU
		{B3BB2E1E-EF77-4ECA-9D61-BDB0093FA481}.Debug|x64.Build.0 = Debug|Any CPU
		{B3BB2E1E-EF77-4ECA-9D61-BDB0093FA481}.Debug|x64.Deploy.0 = Debug|Any CPU
		{B3BB2E1E-EF77-4ECA-9D61-BDB0093FA481}.Debug|x86.ActiveCfg = Debug|Any CPU
		{B3BB2E1E-EF77-4ECA-9D61-BDB0093FA481}.Debug|x86.Build.0 = Debug|Any CPU
		{B3BB2E1E-EF77-4ECA-9D61-BDB0093FA481}.Debug|x86.Deploy.0 = Debug|Any CPU
		{B3BB2E1E-EF77-4ECA-9D61-BDB0093FA481}.Release|Any CPU.ActiveCfg = Release|Any CPU
		{B3BB2E1E-EF77-4ECA-9D61-BDB0093FA481}.Release|Any CPU.Build.0 = Release|Any CPU
		{B3BB2E1E-EF77-4ECA-9D61-BDB0093FA481}.Release|Any CPU.Deploy.0 = Release|Any CPU
		{B3BB2E1E-EF77-4ECA-9D61-BDB0093FA481}.Release|ARM.ActiveCfg = Release|Any CPU
		{B3BB2E1E-EF77-4ECA-9D61-BDB0093FA481}.Release|ARM.Build.0 = Release|Any CPU
		{B3BB2E1E-EF77-4ECA-9D61-BDB0093FA481}.Release|ARM.Deploy.0 = Release|Any CPU
		{B3BB2E1E-EF77-4ECA-9D61-BDB0093FA481}.Release|iPhone.ActiveCfg = Release|Any CPU
		{B3BB2E1E-EF77-4ECA-9D61-BDB0093FA481}.Release|iPhone.Build.0 = Release|Any CPU
		{B3BB2E1E-EF77-4ECA-9D61-BDB0093FA481}.Release|iPhone.Deploy.0 = Release|Any CPU
		{B3BB2E1E-EF77-4ECA-9D61-BDB0093FA481}.Release|iPhoneSimulator.ActiveCfg = Release|Any CPU
		{B3BB2E1E-EF77-4ECA-9D61-BDB0093FA481}.Release|iPhoneSimulator.Build.0 = Release|Any CPU
		{B3BB2E1E-EF77-4ECA-9D61-BDB0093FA481}.Release|iPhoneSimulator.Deploy.0 = Release|Any CPU
		{B3BB2E1E-EF77-4ECA-9D61-BDB0093FA481}.Release|x64.ActiveCfg = Release|Any CPU
		{B3BB2E1E-EF77-4ECA-9D61-BDB0093FA481}.Release|x64.Build.0 = Release|Any CPU
		{B3BB2E1E-EF77-4ECA-9D61-BDB0093FA481}.Release|x64.Deploy.0 = Release|Any CPU
		{B3BB2E1E-EF77-4ECA-9D61-BDB0093FA481}.Release|x86.ActiveCfg = Release|Any CPU
		{B3BB2E1E-EF77-4ECA-9D61-BDB0093FA481}.Release|x86.Build.0 = Release|Any CPU
		{B3BB2E1E-EF77-4ECA-9D61-BDB0093FA481}.Release|x86.Deploy.0 = Release|Any CPU
		{FDE4C650-5C91-4A95-971C-EF166F508E68}.Ad-Hoc|Any CPU.ActiveCfg = Ad-Hoc|iPhone
		{FDE4C650-5C91-4A95-971C-EF166F508E68}.Ad-Hoc|ARM.ActiveCfg = Ad-Hoc|iPhone
		{FDE4C650-5C91-4A95-971C-EF166F508E68}.Ad-Hoc|iPhone.ActiveCfg = Ad-Hoc|iPhone
		{FDE4C650-5C91-4A95-971C-EF166F508E68}.Ad-Hoc|iPhone.Build.0 = Ad-Hoc|iPhone
		{FDE4C650-5C91-4A95-971C-EF166F508E68}.Ad-Hoc|iPhoneSimulator.ActiveCfg = Ad-Hoc|iPhoneSimulator
		{FDE4C650-5C91-4A95-971C-EF166F508E68}.Ad-Hoc|iPhoneSimulator.Build.0 = Ad-Hoc|iPhoneSimulator
		{FDE4C650-5C91-4A95-971C-EF166F508E68}.Ad-Hoc|x64.ActiveCfg = Ad-Hoc|iPhone
		{FDE4C650-5C91-4A95-971C-EF166F508E68}.Ad-Hoc|x86.ActiveCfg = Ad-Hoc|iPhone
		{FDE4C650-5C91-4A95-971C-EF166F508E68}.AppStore|Any CPU.ActiveCfg = AppStore|iPhone
		{FDE4C650-5C91-4A95-971C-EF166F508E68}.AppStore|ARM.ActiveCfg = AppStore|iPhone
		{FDE4C650-5C91-4A95-971C-EF166F508E68}.AppStore|iPhone.ActiveCfg = AppStore|iPhone
		{FDE4C650-5C91-4A95-971C-EF166F508E68}.AppStore|iPhone.Build.0 = AppStore|iPhone
		{FDE4C650-5C91-4A95-971C-EF166F508E68}.AppStore|iPhoneSimulator.ActiveCfg = AppStore|iPhoneSimulator
		{FDE4C650-5C91-4A95-971C-EF166F508E68}.AppStore|iPhoneSimulator.Build.0 = AppStore|iPhoneSimulator
		{FDE4C650-5C91-4A95-971C-EF166F508E68}.AppStore|x64.ActiveCfg = AppStore|iPhone
		{FDE4C650-5C91-4A95-971C-EF166F508E68}.AppStore|x86.ActiveCfg = AppStore|iPhone
		{FDE4C650-5C91-4A95-971C-EF166F508E68}.Debug|Any CPU.ActiveCfg = Debug|iPhone
		{FDE4C650-5C91-4A95-971C-EF166F508E68}.Debug|ARM.ActiveCfg = Debug|iPhone
		{FDE4C650-5C91-4A95-971C-EF166F508E68}.Debug|iPhone.ActiveCfg = Debug|iPhone
		{FDE4C650-5C91-4A95-971C-EF166F508E68}.Debug|iPhone.Build.0 = Debug|iPhone
		{FDE4C650-5C91-4A95-971C-EF166F508E68}.Debug|iPhoneSimulator.ActiveCfg = Debug|iPhoneSimulator
		{FDE4C650-5C91-4A95-971C-EF166F508E68}.Debug|iPhoneSimulator.Build.0 = Debug|iPhoneSimulator
		{FDE4C650-5C91-4A95-971C-EF166F508E68}.Debug|x64.ActiveCfg = Debug|iPhone
		{FDE4C650-5C91-4A95-971C-EF166F508E68}.Debug|x86.ActiveCfg = Debug|iPhone
		{FDE4C650-5C91-4A95-971C-EF166F508E68}.Release|Any CPU.ActiveCfg = Release|iPhone
		{FDE4C650-5C91-4A95-971C-EF166F508E68}.Release|ARM.ActiveCfg = Release|iPhone
		{FDE4C650-5C91-4A95-971C-EF166F508E68}.Release|iPhone.ActiveCfg = Release|iPhone
		{FDE4C650-5C91-4A95-971C-EF166F508E68}.Release|iPhone.Build.0 = Release|iPhone
		{FDE4C650-5C91-4A95-971C-EF166F508E68}.Release|iPhoneSimulator.ActiveCfg = Release|iPhoneSimulator
		{FDE4C650-5C91-4A95-971C-EF166F508E68}.Release|iPhoneSimulator.Build.0 = Release|iPhoneSimulator
		{FDE4C650-5C91-4A95-971C-EF166F508E68}.Release|x64.ActiveCfg = Release|iPhone
		{FDE4C650-5C91-4A95-971C-EF166F508E68}.Release|x86.ActiveCfg = Release|iPhone
		{B7F697DA-D1BD-42CE-9F85-50BB5256A4D0}.Ad-Hoc|Any CPU.ActiveCfg = Release|x86
		{B7F697DA-D1BD-42CE-9F85-50BB5256A4D0}.Ad-Hoc|Any CPU.Build.0 = Release|x86
		{B7F697DA-D1BD-42CE-9F85-50BB5256A4D0}.Ad-Hoc|Any CPU.Deploy.0 = Release|x86
		{B7F697DA-D1BD-42CE-9F85-50BB5256A4D0}.Ad-Hoc|ARM.ActiveCfg = Release|ARM
		{B7F697DA-D1BD-42CE-9F85-50BB5256A4D0}.Ad-Hoc|ARM.Build.0 = Release|ARM
		{B7F697DA-D1BD-42CE-9F85-50BB5256A4D0}.Ad-Hoc|ARM.Deploy.0 = Release|ARM
		{B7F697DA-D1BD-42CE-9F85-50BB5256A4D0}.Ad-Hoc|iPhone.ActiveCfg = Release|x86
		{B7F697DA-D1BD-42CE-9F85-50BB5256A4D0}.Ad-Hoc|iPhone.Build.0 = Release|x86
		{B7F697DA-D1BD-42CE-9F85-50BB5256A4D0}.Ad-Hoc|iPhone.Deploy.0 = Release|x86
		{B7F697DA-D1BD-42CE-9F85-50BB5256A4D0}.Ad-Hoc|iPhoneSimulator.ActiveCfg = Release|x86
		{B7F697DA-D1BD-42CE-9F85-50BB5256A4D0}.Ad-Hoc|iPhoneSimulator.Build.0 = Release|x86
		{B7F697DA-D1BD-42CE-9F85-50BB5256A4D0}.Ad-Hoc|iPhoneSimulator.Deploy.0 = Release|x86
		{B7F697DA-D1BD-42CE-9F85-50BB5256A4D0}.Ad-Hoc|x64.ActiveCfg = Release|x64
		{B7F697DA-D1BD-42CE-9F85-50BB5256A4D0}.Ad-Hoc|x64.Build.0 = Release|x64
		{B7F697DA-D1BD-42CE-9F85-50BB5256A4D0}.Ad-Hoc|x64.Deploy.0 = Release|x64
		{B7F697DA-D1BD-42CE-9F85-50BB5256A4D0}.Ad-Hoc|x86.ActiveCfg = Release|x86
		{B7F697DA-D1BD-42CE-9F85-50BB5256A4D0}.Ad-Hoc|x86.Build.0 = Release|x86
		{B7F697DA-D1BD-42CE-9F85-50BB5256A4D0}.Ad-Hoc|x86.Deploy.0 = Release|x86
		{B7F697DA-D1BD-42CE-9F85-50BB5256A4D0}.AppStore|Any CPU.ActiveCfg = Release|x86
		{B7F697DA-D1BD-42CE-9F85-50BB5256A4D0}.AppStore|Any CPU.Build.0 = Release|x86
		{B7F697DA-D1BD-42CE-9F85-50BB5256A4D0}.AppStore|Any CPU.Deploy.0 = Release|x86
		{B7F697DA-D1BD-42CE-9F85-50BB5256A4D0}.AppStore|ARM.ActiveCfg = Release|ARM
		{B7F697DA-D1BD-42CE-9F85-50BB5256A4D0}.AppStore|ARM.Build.0 = Release|ARM
		{B7F697DA-D1BD-42CE-9F85-50BB5256A4D0}.AppStore|ARM.Deploy.0 = Release|ARM
		{B7F697DA-D1BD-42CE-9F85-50BB5256A4D0}.AppStore|iPhone.ActiveCfg = Release|x86
		{B7F697DA-D1BD-42CE-9F85-50BB5256A4D0}.AppStore|iPhone.Build.0 = Release|x86
		{B7F697DA-D1BD-42CE-9F85-50BB5256A4D0}.AppStore|iPhone.Deploy.0 = Release|x86
		{B7F697DA-D1BD-42CE-9F85-50BB5256A4D0}.AppStore|iPhoneSimulator.ActiveCfg = Release|x86
		{B7F697DA-D1BD-42CE-9F85-50BB5256A4D0}.AppStore|iPhoneSimulator.Build.0 = Release|x86
		{B7F697DA-D1BD-42CE-9F85-50BB5256A4D0}.AppStore|iPhoneSimulator.Deploy.0 = Release|x86
		{B7F697DA-D1BD-42CE-9F85-50BB5256A4D0}.AppStore|x64.ActiveCfg = Release|x64
		{B7F697DA-D1BD-42CE-9F85-50BB5256A4D0}.AppStore|x64.Build.0 = Release|x64
		{B7F697DA-D1BD-42CE-9F85-50BB5256A4D0}.AppStore|x64.Deploy.0 = Release|x64
		{B7F697DA-D1BD-42CE-9F85-50BB5256A4D0}.AppStore|x86.ActiveCfg = Release|x86
		{B7F697DA-D1BD-42CE-9F85-50BB5256A4D0}.AppStore|x86.Build.0 = Release|x86
		{B7F697DA-D1BD-42CE-9F85-50BB5256A4D0}.AppStore|x86.Deploy.0 = Release|x86
		{B7F697DA-D1BD-42CE-9F85-50BB5256A4D0}.Debug|Any CPU.ActiveCfg = Debug|x86
		{B7F697DA-D1BD-42CE-9F85-50BB5256A4D0}.Debug|ARM.ActiveCfg = Debug|ARM
		{B7F697DA-D1BD-42CE-9F85-50BB5256A4D0}.Debug|ARM.Build.0 = Debug|ARM
		{B7F697DA-D1BD-42CE-9F85-50BB5256A4D0}.Debug|ARM.Deploy.0 = Debug|ARM
		{B7F697DA-D1BD-42CE-9F85-50BB5256A4D0}.Debug|iPhone.ActiveCfg = Debug|x86
		{B7F697DA-D1BD-42CE-9F85-50BB5256A4D0}.Debug|iPhoneSimulator.ActiveCfg = Debug|x86
		{B7F697DA-D1BD-42CE-9F85-50BB5256A4D0}.Debug|x64.ActiveCfg = Debug|x64
		{B7F697DA-D1BD-42CE-9F85-50BB5256A4D0}.Debug|x64.Build.0 = Debug|x64
		{B7F697DA-D1BD-42CE-9F85-50BB5256A4D0}.Debug|x64.Deploy.0 = Debug|x64
		{B7F697DA-D1BD-42CE-9F85-50BB5256A4D0}.Debug|x86.ActiveCfg = Debug|x86
		{B7F697DA-D1BD-42CE-9F85-50BB5256A4D0}.Debug|x86.Build.0 = Debug|x86
		{B7F697DA-D1BD-42CE-9F85-50BB5256A4D0}.Debug|x86.Deploy.0 = Debug|x86
		{B7F697DA-D1BD-42CE-9F85-50BB5256A4D0}.Release|Any CPU.ActiveCfg = Release|x86
		{B7F697DA-D1BD-42CE-9F85-50BB5256A4D0}.Release|ARM.ActiveCfg = Release|ARM
		{B7F697DA-D1BD-42CE-9F85-50BB5256A4D0}.Release|ARM.Build.0 = Release|ARM
		{B7F697DA-D1BD-42CE-9F85-50BB5256A4D0}.Release|ARM.Deploy.0 = Release|ARM
		{B7F697DA-D1BD-42CE-9F85-50BB5256A4D0}.Release|iPhone.ActiveCfg = Release|x86
		{B7F697DA-D1BD-42CE-9F85-50BB5256A4D0}.Release|iPhoneSimulator.ActiveCfg = Release|x86
		{B7F697DA-D1BD-42CE-9F85-50BB5256A4D0}.Release|x64.ActiveCfg = Release|x64
		{B7F697DA-D1BD-42CE-9F85-50BB5256A4D0}.Release|x64.Build.0 = Release|x64
		{B7F697DA-D1BD-42CE-9F85-50BB5256A4D0}.Release|x64.Deploy.0 = Release|x64
		{B7F697DA-D1BD-42CE-9F85-50BB5256A4D0}.Release|x86.ActiveCfg = Release|x86
		{B7F697DA-D1BD-42CE-9F85-50BB5256A4D0}.Release|x86.Build.0 = Release|x86
		{B7F697DA-D1BD-42CE-9F85-50BB5256A4D0}.Release|x86.Deploy.0 = Release|x86
	EndGlobalSection
	GlobalSection(SolutionProperties) = preSolution
		HideSolutionNode = FALSE
	EndGlobalSection
	GlobalSection(ExtensibilityGlobals) = postSolution
		SolutionGuid = {74174630-0811-40C7-A0FC-5485DE5545BC}
	EndGlobalSection
EndGlobal
